hash: d29a46bf0912d749d5278f064cc0d6e3893b6270eec7f4b7ad7f13bf10c30e1b
updated: 2017-03-14T14:23:30.047641747-07:00
imports:
- name: github.com/Comcast/kratos
  version: 188b6f0f34a4d8a8cd58a93bca01b38f2df2584f
- name: github.com/Comcast/webpa-common
  version: a6cb5a7dd177c50fbe7b1c58dab27b67c39439d0
  subpackages:
  - logging
  - wrp
- name: github.com/fsnotify/fsnotify
  version: 7d7316ed6e1ed2de075aab8dfc76de5d158d66e1
- name: github.com/gorilla/websocket
  version: b258b4fadb573ac412f187b9f31974ea99d32f50
- name: github.com/hashicorp/hcl
  version: 630949a3c5fa3c613328e1b8256052cbc2327c9b
  subpackages:
  - hcl/ast
  - hcl/parser
  - hcl/token
  - json/parser
  - hcl/scanner
  - hcl/strconv
  - json/scanner
  - json/token
- name: github.com/magiconair/properties
  version: b3b15ef068fd0b17ddf408a23669f20811d194d2
- name: github.com/mitchellh/mapstructure
  version: 53818660ed4955e899c0bcafa97299a388bd7c8e
- name: github.com/nu7hatch/gouuid
  version: 179d4d0c4d8d407a32af483c2354df1d2c91e6c3
- name: github.com/pelletier/go-buffruneio
  version: c37440a7cf42ac63b919c752ca73a85067e05992
- name: github.com/pelletier/go-toml
  version: fee7787d3f811af92276f5ff10107092e95b7a1d
- name: github.com/spf13/afero
  version: 9be650865eab0c12963d8753212f4f9c66cdcf12
  subpackages:
  - mem
- name: github.com/spf13/cast
  version: ce135a4ebeee6cfe9a26c93ee0d37825f26113c7
- name: github.com/spf13/jwalterweatherman
  version: fa7ca7e836cf3a8bb4ebf799f472c12d7e903d66
- name: github.com/spf13/pflag
  version: 9ff6c6923cfffbcd502984b8e0c80539a94968b7
- name: github.com/spf13/viper
  version: 5ed0fc31f7f453625df314d8e66b9791e8d13003
- name: github.com/ugorji/go
  version: d23841a297e5489e787e72fceffabf9d2994b52a
  subpackages:
  - codec
- name: golang.org/x/sys
  version: 99f16d856c9836c42d24e7ab64ea72916925fa97
  subpackages:
  - unix
- name: golang.org/x/text
  version: f28f36722d5ef2f9655ad3de1f248e3e52ad5ebd
  subpackages:
  - transform
  - unicode/norm
- name: gopkg.in/yaml.v2
  version: a3f3340b5840cee44f372bddb5880fcbc419b46a
testImports:
- name: github.com/davecgh/go-spew
  version: 04cdfd42973bb9c8589fd6a731800cf222fde1a9
  subpackages:
  - spew
- name: github.com/pmezard/go-difflib
  version: d8ed2627bdf02c080bf22230dbb337003b7aba2d
  subpackages:
  - difflib
- name: github.com/stretchr/objx
  version: cbeaeb16a013161a98496fad62933b1d21786672
- name: github.com/stretchr/testify
  version: 4d4bfba8f1d1027c4fdbe371823030df51419987
  subpackages:
  - assert
  - mock
